// !$*UTF8*$!
{
	archiveVersion = 1;
	classes = {
	};
	objectVersion = 46;
	objects = {

/* Begin PBXBuildFile section */
		186DDF7E1C2A9B5100FB1580 /* main.cpp in Sources */ = {isa = PBXBuildFile; fileRef = 186DDF7D1C2A9B5100FB1580 /* main.cpp */; };
/* End PBXBuildFile section */

/* Begin PBXCopyFilesBuildPhase section */
		186DDF781C2A9B5100FB1580 /* CopyFiles */ = {
			isa = PBXCopyFilesBuildPhase;
			buildActionMask = 2147483647;
			dstPath = /usr/share/man/man1/;
			dstSubfolderSpec = 0;
			files = (
			);
			runOnlyForDeploymentPostprocessing = 1;
		};
/* End PBXCopyFilesBuildPhase section */

/* Begin PBXFileReference section */
		186DDF7A1C2A9B5100FB1580 /* WEEK10编程作业 */ = {isa = PBXFileReference; explicitFileType = "compiled.mach-o.executable"; includeInIndex = 0; path = "WEEK10编程作业"; sourceTree = BUILT_PRODUCTS_DIR; };
		186DDF7D1C2A9B5100FB1580 /* main.cpp */ = {isa = PBXFileReference; lastKnownFileType = sourcecode.cpp.cpp; path = main.cpp; sourceTree = "<group>"; };
/* End PBXFileReference section */

/* Begin PBXFrameworksBuildPhase section */
		186DDF771C2A9B5100FB1580 /* Frameworks */ = {
			isa = PBXFrameworksBuildPhase;
			buildActionMask = 2147483647;
			files = (
			);
			runOnlyForDeploymentPostprocessing = 0;
		};
/* End PBXFrameworksBuildPhase section */

/* Begin PBXGroup section */
		186DDF711C2A9B5100FB1580 = {
			isa = PBXGroup;
			children = (
				186DDF7C1C2A9B5100FB1580 /* WEEK10编程作业 */,
				186DDF7B1C2A9B5100FB1580 /* Products */,
			);
			sourceTree = "<group>";
		};
		186DDF7B1C2A9B5100FB1580 /* Products */ = {
			isa = PBXGroup;
			children = (
				186DDF7A1C2A9B5100FB1580 /* WEEK10编程作业 */,
			);
			name = Products;
			sourceTree = "<group>";
		};
		186DDF7C1C2A9B5100FB1580 /* WEEK10编程作业 */ = {
			isa = PBXGroup;
			children = (
				186DDF7D1C2A9B5100FB1580 /* main.cpp */,
			);
			path = "WEEK10编程作业";
			sourceTree = "<group>";
		};
/* End PBXGroup section */

/* Begin PBXNativeTarget section */
		186DDF791C2A9B5100FB1580 /* WEEK10编程作业 */ = {
			isa = PBXNativeTarget;
			buildConfigurationList = 186DDF811C2A9B5100FB1580 /* Build configuration list for PBXNativeTarget "WEEK10编程作业" */;
			buildPhases = (
				186DDF761C2A9B5100FB1580 /* Sources */,
				186DDF771C2A9B5100FB1580 /* Frameworks */,
				186DDF781C2A9B5100FB1580 /* CopyFiles */,
			);
			buildRules = (
			);
			dependencies = (
			);
			name = "WEEK10编程作业";
			productName = "WEEK10编程作业";
			productReference = 186DDF7A1C2A9B5100FB1580 /* WEEK10编程作业 */;
			productType = "com.apple.product-type.tool";
		};
/* End PBXNativeTarget section */

/* Begin PBXProject section */
		186DDF721C2A9B5100FB1580 /* Project object */ = {
			isa = PBXProject;
			attributes = {
				LastUpgradeCheck = 0710;
				ORGANIZATIONNAME = Archy;
				TargetAttributes = {
					186DDF791C2A9B5100FB1580 = {
						CreatedOnToolsVersion = 7.1;
					};
				};
			};
			buildConfigurationList = 186DDF751C2A9B5100FB1580 /* Build configuration list for PBXProject "WEEK10编程作业" */;
			compatibilityVersion = "Xcode 3.2";
			developmentRegion = English;
			hasScannedForEncodings = 0;
			knownRegions = (
				en,
			);
			mainGroup = 186DDF711C2A9B5100FB1580;
			productRefGroup = 186DDF7B1C2A9B5100FB1580 /* Products */;
			projectDirPath = "";
			projectRoot = "";
			targets = (
				186DDF791C2A9B5100FB1580 /* WEEK10编程作业 */,
			);
		};
/* End PBXProject section */

/* Begin PBXSourcesBuildPhase section */
		186DDF761C2A9B5100FB1580 /* Sources */ = {
			isa = PBXSourcesBuildPhase;
			buildActionMask = 2147483647;
			files = (
				186DDF7E1C2A9B5100FB1580 /* main.cpp in Sources */,
			);
			runOnlyForDeploymentPostprocessing = 0;
		};
/* End PBXSourcesBuildPhase section */

/* Begin XCBuildConfiguration section */
		186DDF7F1C2A9B5100FB1580 /* Debug */ = {
			isa = XCBuildConfiguration;
			buildSettings = {
				ALWAYS_SEARCH_USER_PATHS = NO;
				CLANG_CXX_LANGUAGE_STANDARD = "gnu++0x";
				CLANG_CXX_LIBRARY = "libc++";
				CLANG_ENABLE_MODULES = YES;
				CLANG_ENABLE_OBJC_ARC = YES;
				CLANG_WARN_BOOL_CONVERSION = YES;
				CLANG_WARN_CONSTANT_CONVERSION = YES;
				CLANG_WARN_DIRECT_OBJC_ISA_USAGE = YES_ERROR;
				CLANG_WARN_EMPTY_BODY = YES;
				CLANG_WARN_ENUM_CONVERSION = YES;
				CLANG_WARN_INT_CONVERSION = YES;
				CLANG_WARN_OBJC_ROOT_CLASS = YES_ERROR;
				CLANG_WARN_UNREACHABLE_CODE = YES;
				CLANG_WARN__DUPLICATE_METHOD_MATCH = YES;
				CODE_SIGN_IDENTITY = "-";
				COPY_PHASE_STRIP = NO;
				DEBUG_INFORMATION_FORMAT = dwarf;
				ENABLE_STRICT_OBJC_MSGSEND = YES;
				ENABLE_TESTABILITY = YES;
				GCC_C_LANGUAGE_STANDARD = gnu99;
				GCC_DYNAMIC_NO_PIC = NO;
				GCC_NO_COMMON_BLOCKS = YES;
				GCC_OPTIMIZATION_LEVEL = 0;
				GCC_PREPROCESSOR_DEFINITIONS = (
					"DEBUG=1",
					"$(inherited)",
				);
				GCC_WARN_64_TO_32_BIT_CONVERSION = YES;
				GCC_WARN_ABOUT_RETURN_TYPE = YES_ERROR;
				GCC_WARN_UNDECLARED_SELECTOR = YES;
				GCC_WARN_UNINITIALIZED_AUTOS = YES_AGGRESSIVE;
				GCC_WARN_UNUSED_FUNCTION = YES;
				GCC_WARN_UNUSED_VARIABLE = YES;
				MACOSX_DEPLOYMENT_TARGET = 10.10;
				MTL_ENABLE_DEBUG_INFO = YES;
				ONLY_ACTIVE_ARCH = YES;
				SDKROOT = macosx;
			};
			name = Debug;
		};
		186DDF801C2A9B5100FB1580 /* Release */ = {
			isa = XCBuildConfiguration;
			buildSettings = {
				ALWAYS_SEARCH_USER_PATHS = NO;
				CLANG_CXX_LANGUAGE_STANDARD = "gnu++0x";
				CLANG_CXX_LIBRARY = "libc++";
				CLANG_ENABLE_MODULES = YES;
				CLANG_ENABLE_OBJC_ARC = YES;
				CLANG_WARN_BOOL_CONVERSION = YES;
				CLANG_WARN_CONSTANT_CONVERSION = YES;
				CLANG_WARN_DIRECT_OBJC_ISA_USAGE = YES_ERROR;
				CLANG_WARN_EMPTY_BODY = YES;
				CLANG_WARN_ENUM_CONVERSION = YES;
				CLANG_WARN_INT_CONVERSION = YES;
				CLANG_WARN_OBJC_ROOT_CLASS = YES_ERROR;
				CLANG_WARN_UNREACHABLE_CODE = YES;
				CLANG_WARN__DUPLICATE_METHOD_MATCH = YES;
				CODE_SIGN_IDENTITY = "-";
				COPY_PHASE_STRIP = NO;
				DEBUG_INFORMATION_FORMAT = "dwarf-with-dsym";
				ENABLE_NS_ASSERTIONS = NO;
				ENABLE_STRICT_OBJC_MSGSEND = YES;
				GCC_C_LANGUAGE_STANDARD = gnu99;
				GCC_NO_COMMON_BLOCKS = YES;
				GCC_WARN_64_TO_32_BIT_CONVERSION = YES;
				GCC_WARN_ABOUT_RETURN_TYPE = YES_ERROR;
				GCC_WARN_UNDECLARED_SELECTOR = YES;
				GCC_WARN_UNINITIALIZED_AUTOS = YES_AGGRESSIVE;
				GCC_WARN_UNUSED_FUNCTION = YES;
				GCC_WARN_UNUSED_VARIABLE = YES;
				MACOSX_DEPLOYMENT_TARGET = 10.10;
				MTL_ENABLE_DEBUG_INFO = NO;
				SDKROOT = macosx;
			};
			name = Release;
		};
		186DDF821C2A9B5100FB1580 /* Debug */ = {
			isa = XCBuildConfiguration;
			buildSettings = {
				PRODUCT_NAME = "$(TARGET_NAME)";
			};
			name = Debug;
		};
		186DDF831C2A9B5100FB1580 /* Release */ = {
			isa = XCBuildConfiguration;
			buildSettings = {
				PRODUCT_NAME = "$(TARGET_NAME)";
			};
			name = Release;
		};
/* End XCBuildConfiguration section */

/* Begin XCConfigurationList section */
		186DDF751C2A9B5100FB1580 /* Build configuration list for PBXProject "WEEK10编程作业" */ = {
			isa = XCConfigurationList;
			buildConfigurations = (
				186DDF7F1C2A9B5100FB1580 /* Debug */,
				186DDF801C2A9B5100FB1580 /* Release */,
			);
			defaultConfigurationIsVisible = 0;
			defaultConfigurationName = Release;
		};
		186DDF811C2A9B5100FB1580 /* Build configuration list for PBXNativeTarget "WEEK10编程作业" */ = {
			isa = XCConfigurationList;
			buildConfigurations = (
				186DDF821C2A9B5100FB1580 /* Debug */,
				186DDF831C2A9B5100FB1580 /* Release */,
			);
			defaultConfigurationIsVisible = 0;
		};
/* End XCConfigurationList section */
	};
	rootObject = 186DDF721C2A9B5100FB1580 /* Project object */;
}
